# Generated by conda-lock.
# platform: linux-64
# input_hash: 48056fabdc476c76d89af986f3cfd44051ccb946244db8604ea9ea43b556fe03
@EXPLICIT
https://conda.anaconda.org/conda-forge/linux-64/_libgcc_mutex-0.1-conda_forge.tar.bz2#d7c89558ba9fa0495403155b64376d81
https://conda.anaconda.org/conda-forge/linux-64/ca-certificates-2024.2.2-hbcca054_0.conda#2f4327a1cbe7f022401b236e915a5fef
https://conda.anaconda.org/conda-forge/linux-64/ld_impl_linux-64-2.40-h41732ed_0.conda#7aca3059a1729aa76c597603f10b0dd3
https://conda.anaconda.org/conda-forge/linux-64/libstdcxx-ng-13.2.0-h7e041cc_5.conda#f6f6600d18a4047b54f803cf708b868a
https://conda.anaconda.org/conda-forge/noarch/nomkl-1.0-h5ca1d4c_0.tar.bz2#9a66894dfd07c4510beb6b3f9672ccc0
https://conda.anaconda.org/conda-forge/linux-64/libgomp-13.2.0-h807b86a_5.conda#d211c42b9ce49aee3734fdc828731689
https://conda.anaconda.org/conda-forge/linux-64/_openmp_mutex-4.5-2_gnu.tar.bz2#73aaf86a425cc6e73fcf236a5a46396d
https://conda.anaconda.org/conda-forge/linux-64/libgcc-ng-13.2.0-h807b86a_5.conda#d4ff227c46917d3b4565302a2bbb276b
https://conda.anaconda.org/conda-forge/linux-64/c-ares-1.27.0-hd590300_0.conda#f6afff0e9ee08d2f1b897881a4f38cdb
https://conda.anaconda.org/conda-forge/linux-64/coreutils-9.4-hd590300_0.conda#ff6707b0adc04518a452a0340db13a07
https://conda.anaconda.org/conda-forge/linux-64/geos-3.9.1-h9c3ff4c_2.tar.bz2#b9a6d9422aed3ad84ec6ccee9bfcaa0f
https://conda.anaconda.org/conda-forge/linux-64/icu-58.2-hf484d3e_1000.tar.bz2#3749214646d41293022b45ce51386141
https://conda.anaconda.org/conda-forge/linux-64/jpeg-9e-h0b41bf4_3.conda#c7a069243e1fbe9a556ed2ec030e6407
https://conda.anaconda.org/conda-forge/linux-64/keyutils-1.6.1-h166bdaf_0.tar.bz2#30186d27e2c9fa62b45fb1476b7200e3
https://conda.anaconda.org/conda-forge/linux-64/lerc-3.0-h9c3ff4c_0.tar.bz2#7fcefde484980d23f0ec24c11e314d2e
https://conda.anaconda.org/conda-forge/linux-64/libdeflate-1.10-h7f98852_0.tar.bz2#ffa3a757a97e851293909b49f49f28fb
https://conda.anaconda.org/conda-forge/linux-64/libev-4.33-hd590300_2.conda#172bf1cd1ff8629f2b1179945ed45055
https://conda.anaconda.org/conda-forge/linux-64/libffi-3.4.2-h7f98852_5.tar.bz2#d645c6d2ac96843a2bfaccd2d62b3ac3
https://conda.anaconda.org/conda-forge/linux-64/libgfortran5-13.2.0-ha4646dd_5.conda#7a6bd7a12a4bd359e2afe6c0fa1acace
https://conda.anaconda.org/conda-forge/linux-64/libnsl-2.0.1-hd590300_0.conda#30fd6e37fe21f86f4bd26d6ee73eeec7
https://conda.anaconda.org/conda-forge/linux-64/libsodium-1.0.18-h36c2ea0_1.tar.bz2#c3788462a6fbddafdb413a9f9053e58d
https://conda.anaconda.org/conda-forge/linux-64/libuv-1.48.0-hd590300_0.conda#7e8b914b1062dd4386e3de4d82a3ead6
https://conda.anaconda.org/conda-forge/linux-64/libwebp-base-1.3.2-hd590300_0.conda#30de3fd9b3b602f7473f30e684eeea8c
https://conda.anaconda.org/conda-forge/linux-64/libzlib-1.2.13-hd590300_5.conda#f36c115f1ee199da648e0597ec2047ad
https://conda.anaconda.org/conda-forge/linux-64/ncurses-6.4.20240210-h59595ed_0.conda#97da8860a0da5413c7c98a3b3838a645
https://conda.anaconda.org/conda-forge/linux-64/openssl-1.1.1w-hd590300_0.conda#301e70057a3bd399640bb16bbdf87995
https://conda.anaconda.org/conda-forge/linux-64/time-1.8-h516909a_0.tar.bz2#ce8205cc77eed2ee7636547d20d335ca
https://conda.anaconda.org/conda-forge/linux-64/unzip-6.0-h7f98852_3.tar.bz2#7cb7109505433a5abbf68bb34b31edac
https://conda.anaconda.org/conda-forge/linux-64/xz-5.2.6-h166bdaf_0.tar.bz2#2161070d867d1b1204ea749c8eec4ef0
https://conda.anaconda.org/conda-forge/linux-64/yaml-0.2.5-h7f98852_2.tar.bz2#4cb3ad778ec2d5a7acbdf254eb1c42ae
https://conda.anaconda.org/conda-forge/linux-64/libedit-3.1.20191231-he28a2e2_2.tar.bz2#4d331e44109e3f0e19b4cb8f9b82f3e1
https://conda.anaconda.org/conda-forge/linux-64/libgfortran-ng-13.2.0-h69a702a_5.conda#e73e9cfd1191783392131e6238bdb3e9
https://conda.anaconda.org/conda-forge/linux-64/libnghttp2-1.51.0-hdcd2b5c_0.conda#c42b460bae0365fb9777b1ff9d09a554
https://conda.anaconda.org/conda-forge/linux-64/libpng-1.6.43-h2797004_0.conda#009981dd9cfcaa4dbfa25ffaed86bcae
https://conda.anaconda.org/conda-forge/linux-64/libsqlite-3.45.2-h2797004_0.conda#866983a220e27a80cb75e85cb30466a1
https://conda.anaconda.org/conda-forge/linux-64/libssh2-1.10.0-haa6b8db_3.tar.bz2#89acee135f0809a18a1f4537390aa2dd
https://conda.anaconda.org/conda-forge/linux-64/pandoc-2.19.2-h32600fe_2.conda#326f46f36d15c44cff5f81d505cb717f
https://conda.anaconda.org/conda-forge/linux-64/readline-8.2-h8228510_1.conda#47d31b792659ce70f470b5c82fdfb7a4
https://conda.anaconda.org/conda-forge/linux-64/tk-8.6.13-noxft_h4845f30_101.conda#d453b98d9c83e71da0741bb0ff4d76bc
https://conda.anaconda.org/conda-forge/linux-64/zeromq-4.3.5-h59595ed_1.conda#7fc9d3288d2420bb3637647621018000
https://conda.anaconda.org/conda-forge/linux-64/zlib-1.2.13-hd590300_5.conda#68c34ec6149623be41a1933ab996a209
https://conda.anaconda.org/conda-forge/linux-64/zstd-1.5.5-hfc55251_0.conda#04b88013080254850d6c01ed54810589
https://conda.anaconda.org/conda-forge/linux-64/freetype-2.12.1-h267a509_2.conda#9ae35c3d96db2c94ce0cef86efdfa2cb
https://conda.anaconda.org/conda-forge/linux-64/krb5-1.20.1-hf9c8cef_0.conda#5f7e9efd540d7ac4b485660231ba6150
https://conda.anaconda.org/conda-forge/linux-64/libopenblas-0.3.25-pthreads_h413a1c8_0.conda#d172b34a443b95f86089e8229ddc9a17
https://conda.anaconda.org/conda-forge/linux-64/libtiff-4.3.0-h0fcbabc_4.tar.bz2#2cdb3944029c2cb99cbe981b182a2e9a
https://conda.anaconda.org/conda-forge/linux-64/sqlite-3.45.2-h2c6b66d_0.conda#1423efca06ed343c1da0fc429bae0779
https://conda.anaconda.org/conda-forge/linux-64/lcms2-2.12-hddcbb42_0.tar.bz2#797117394a4aa588de6d741b06fad80f
https://conda.anaconda.org/conda-forge/linux-64/libblas-3.9.0-20_linux64_openblas.conda#2b7bb4f7562c8cf334fc2e20c2d28abc
https://conda.anaconda.org/conda-forge/linux-64/libcurl-7.87.0-h6312ad2_0.conda#ad07f06bd133e76e12165bc3ec2c8646
https://conda.anaconda.org/conda-forge/linux-64/openjpeg-2.5.0-h7d73246_0.tar.bz2#93c291532f899698f193e82f8bd7a009
https://conda.anaconda.org/conda-forge/linux-64/python-3.6.15-hb7a2778_0_cpython.tar.bz2#2263dbd2d8116aa8dd974602faabb1a2
https://conda.anaconda.org/conda-forge/noarch/async_generator-1.10-py_0.tar.bz2#d56c596e61b1c4952acf0a9920856c12
https://conda.anaconda.org/conda-forge/noarch/attrs-22.2.0-pyh71513ae_0.conda#8b76db7818a4e401ed4486c4c1635cd9
https://conda.anaconda.org/conda-forge/noarch/backcall-0.2.0-pyh9f0ad1d_0.tar.bz2#6006a6d08a3fa99268a2681c7fb55213
https://conda.anaconda.org/conda-forge/noarch/backports-1.0-pyhd8ed1ab_3.conda#54ca2e08b3220c148a1d8329c2678e02
https://conda.anaconda.org/conda-forge/noarch/blinker-1.5-pyhd8ed1ab_0.tar.bz2#f473c4e32d8180733ba5594d122cb637
https://conda.anaconda.org/conda-forge/noarch/charset-normalizer-2.1.1-pyhd8ed1ab_0.tar.bz2#c1d5b294fbf9a795dec349a6f4d8be8e
https://conda.anaconda.org/conda-forge/noarch/cloudpickle-2.2.1-pyhd8ed1ab_0.conda#b325bfc4cff7d7f8a868f1f7ecc4ed16
https://conda.anaconda.org/conda-forge/linux-64/curl-7.87.0-h6312ad2_0.conda#e6ca70adeae12dce14cbf412b58ace64
https://conda.anaconda.org/conda-forge/noarch/cycler-0.11.0-pyhd8ed1ab_0.tar.bz2#a50559fad0affdbb33729a68669ca1cb
https://conda.anaconda.org/conda-forge/noarch/dataclasses-0.8-pyh787bdff_2.tar.bz2#ed959a4ba14e6ddfa898630a5474a601
https://conda.anaconda.org/conda-forge/noarch/decorator-5.1.1-pyhd8ed1ab_0.tar.bz2#43afe5ab04e35e17ba28649471dd7364
https://conda.anaconda.org/conda-forge/noarch/defusedxml-0.7.1-pyhd8ed1ab_0.tar.bz2#961b3a227b437d82ad7054484cfa71b2
https://conda.anaconda.org/conda-forge/noarch/drmaa-0.7.9-py_1000.tar.bz2#f377e810dbaeacb93b79a54efe7e1d3e
https://conda.anaconda.org/conda-forge/noarch/entrypoints-0.4-pyhd8ed1ab_0.tar.bz2#3cf04868fee0a029769bd41f4b2fbf2d
https://conda.anaconda.org/conda-forge/noarch/idna-3.6-pyhd8ed1ab_0.conda#1a76f09108576397c41c0b0c5bd84134
https://conda.anaconda.org/conda-forge/noarch/iniconfig-1.1.1-pyh9f0ad1d_0.tar.bz2#39161f81cc5e5ca45b8226fbb06c6905
https://conda.anaconda.org/conda-forge/noarch/ipython_genutils-0.2.0-py_1.tar.bz2#5071c982548b3a20caf70462f04f5287
https://conda.anaconda.org/conda-forge/noarch/json5-0.9.5-pyh9f0ad1d_0.tar.bz2#10759827a94e6b14996e81fb002c0bda
https://conda.anaconda.org/conda-forge/linux-64/libcblas-3.9.0-20_linux64_openblas.conda#36d486d72ab64ffea932329a1d3729a3
https://conda.anaconda.org/conda-forge/linux-64/liblapack-3.9.0-20_linux64_openblas.conda#6fabc51f5e647d09cc010c40061557e0
https://conda.anaconda.org/conda-forge/noarch/mistune-0.8.4-pyh1a96a4e_1006.conda#ce48978fe2a49a887758ce17456601ad
https://conda.anaconda.org/conda-forge/noarch/more-itertools-10.0.0-pyhd8ed1ab_0.conda#db9968cb68b536d6c538f48f351a997b
https://conda.anaconda.org/conda-forge/noarch/nest-asyncio-1.6.0-pyhd8ed1ab_0.conda#6598c056f64dc8800d40add25e4e2c34
https://conda.anaconda.org/conda-forge/noarch/olefile-0.46-pyh9f0ad1d_1.tar.bz2#0b2e68acc8c78c8cc392b90983481f58
https://conda.anaconda.org/conda-forge/noarch/pamela-1.1.0-pyh1a96a4e_0.conda#dce93ccf07159017c69c6d9cea2d5d61
https://conda.anaconda.org/conda-forge/noarch/pandocfilters-1.5.0-pyhd8ed1ab_0.tar.bz2#457c2c8c08e54905d6954e79cb5b5db9
https://conda.anaconda.org/conda-forge/noarch/parso-0.7.1-pyh9f0ad1d_0.tar.bz2#f66647d1ec805566d72ac26f62b19c01
https://conda.anaconda.org/conda-forge/noarch/pickleshare-0.7.5-py_1003.tar.bz2#415f0ebb6198cc2801c73438a9fb5761
https://conda.anaconda.org/conda-forge/noarch/prometheus_client-0.17.1-pyhd8ed1ab_0.conda#02153b6b760bbec00cfe9e4c97993d06
https://conda.anaconda.org/conda-forge/noarch/ptyprocess-0.7.0-pyhd3deb0d_0.tar.bz2#359eeb6536da0e687af562ed265ec263
https://conda.anaconda.org/conda-forge/noarch/py-1.11.0-pyh6c4a22f_0.tar.bz2#b4613d7e7a493916d867842a6a148054
https://conda.anaconda.org/conda-forge/noarch/pyavm-0.9.6-pyh7448d05_0.conda#85055167d56ae58b54749278f69dee75
https://conda.anaconda.org/conda-forge/noarch/pycparser-2.21-pyhd8ed1ab_0.tar.bz2#076becd9e05608f8dc72757d5f3a91ff
https://conda.anaconda.org/conda-forge/noarch/pyjwt-2.8.0-pyhd8ed1ab_0.conda#912c0194f898fdb783021fd25f913c31
https://conda.anaconda.org/conda-forge/noarch/pyparsing-3.1.2-pyhd8ed1ab_0.conda#b9a4dacf97241704529131a0dfc0494f
https://conda.anaconda.org/conda-forge/noarch/python-json-logger-2.0.7-pyhd8ed1ab_0.conda#a61bf9ec79426938ff785eb69dbb1960
https://conda.anaconda.org/conda-forge/linux-64/python_abi-3.6-2_cp36m.tar.bz2#6f5b92d833a339da29ad8578c2a648ad
https://conda.anaconda.org/conda-forge/noarch/pytz-2023.3.post1-pyhd8ed1ab_0.conda#c93346b446cd08c169d843ae5fc0da97
https://conda.anaconda.org/bioconda/noarch/ruffus-2.8.4-pyh864c0ab_1.tar.bz2#0e166de0f0d7f11c2cf3b0018e188fc6
https://conda.anaconda.org/conda-forge/noarch/send2trash-1.8.2-pyh41d4057_0.conda#ada5a17adcd10be4fc7e37e4166ba0e2
https://conda.anaconda.org/conda-forge/noarch/six-1.16.0-pyh6c4a22f_0.tar.bz2#e5f25f8dbc060e9a8d912e432202afc2
https://conda.anaconda.org/conda-forge/noarch/sortedcontainers-2.4.0-pyhd8ed1ab_0.tar.bz2#6d6552722448103793743dabfbda532d
https://conda.anaconda.org/conda-forge/noarch/testpath-0.6.0-pyhd8ed1ab_0.tar.bz2#196b1f0165dbc9ea6f03c3b3419323fd
https://conda.anaconda.org/conda-forge/noarch/toml-0.10.2-pyhd8ed1ab_0.tar.bz2#f832c45a477c78bebd107098db465095
https://conda.anaconda.org/conda-forge/noarch/tomli-1.2.2-pyhd8ed1ab_0.tar.bz2#1c8a2f9ea18c267414e244cee668cd00
https://conda.anaconda.org/conda-forge/noarch/toolz-0.12.0-pyhd8ed1ab_0.tar.bz2#92facfec94bc02d6ccf42e7173831a36
https://conda.anaconda.org/conda-forge/noarch/typing_extensions-4.1.1-pyha770c72_0.tar.bz2#74761ba7bc682e9009520163a1031ace
https://conda.anaconda.org/conda-forge/noarch/udocker-1.3.13-pyha804496_0.conda#57824491cf1d08c128fc8258de071a4d
https://conda.anaconda.org/conda-forge/noarch/webencodings-0.5.1-pyhd8ed1ab_2.conda#daf5160ff9cde3a468556965329085b9
https://conda.anaconda.org/conda-forge/noarch/websocket-client-1.3.1-pyhd8ed1ab_0.tar.bz2#0fa7710a18a1fa033b8337f6515c9de1
https://conda.anaconda.org/conda-forge/noarch/wheel-0.37.1-pyhd8ed1ab_0.tar.bz2#1ca02aaf78d9c70d9a81a3bed5752022
https://conda.anaconda.org/conda-forge/noarch/zipp-3.6.0-pyhd8ed1ab_0.tar.bz2#855e2c4622f5eb50a4f6f7167b9ba17a
https://conda.anaconda.org/conda-forge/noarch/babel-2.11.0-pyhd8ed1ab_0.tar.bz2#2ea70fde8d581ba9425a761609eed6ba
https://conda.anaconda.org/conda-forge/linux-64/certifi-2021.5.30-py36h5fab9bb_0.tar.bz2#500e3fb737f9d2023755f78f1f22ca69
https://conda.anaconda.org/conda-forge/linux-64/cffi-1.14.6-py36hd8eec40_1.tar.bz2#2e025dd15559c9882880f005e6c02018
https://conda.anaconda.org/conda-forge/linux-64/coverage-6.0-py36h8f6f2f9_1.tar.bz2#2da2354fa279fcb23a4327d963a292cd
https://conda.anaconda.org/conda-forge/linux-64/cytoolz-0.11.0-py36h8f6f2f9_3.tar.bz2#cfdf59a409935a32e9f51b37d25b66f7
https://conda.anaconda.org/conda-forge/linux-64/greenlet-1.1.1-py36hc4f0c31_0.tar.bz2#e0509bd49a3747b0442ecabae4a0df1b
https://conda.anaconda.org/conda-forge/linux-64/importlib-metadata-4.8.1-py36h5fab9bb_0.tar.bz2#ec50a4f999b407d69b3a433c1405f0ba
https://conda.anaconda.org/conda-forge/noarch/importlib_resources-5.4.0-pyhd8ed1ab_0.tar.bz2#9fb134dbabe7851a9d71411064b2c30d
https://conda.anaconda.org/conda-forge/linux-64/jedi-0.17.2-py36h5fab9bb_1.tar.bz2#e761c2377eafa1268eda3dd192cb06cb
https://conda.anaconda.org/conda-forge/linux-64/kiwisolver-1.3.1-py36h605e78d_1.tar.bz2#a92afbf92c5416585457e5de5c3d98c7
https://conda.anaconda.org/conda-forge/linux-64/markupsafe-2.0.1-py36h8f6f2f9_0.tar.bz2#e450eb239eb68d0467b1c6d0fef28ae9
https://conda.anaconda.org/conda-forge/linux-64/numpy-1.16.6-py36h2aa4a07_0.tar.bz2#d80b1d713815f07ef3fa989643ed82e1
https://conda.anaconda.org/conda-forge/noarch/packaging-21.3-pyhd8ed1ab_0.tar.bz2#71f1ab2de48613876becddd496371c85
https://conda.anaconda.org/conda-forge/noarch/pexpect-4.8.0-pyh1a96a4e_2.tar.bz2#330448ce4403cc74990ac07c555942a1
https://conda.anaconda.org/conda-forge/linux-64/pillow-8.3.2-py36h676a545_0.tar.bz2#38f5006cc5d5743ba92859bbee17fef1
https://conda.anaconda.org/conda-forge/linux-64/psutil-5.8.0-py36h8f6f2f9_1.tar.bz2#ccecd9206d61f029549a81a980174ed8
https://conda.anaconda.org/conda-forge/linux-64/pycurl-7.44.1-py36h66a4f8d_0.tar.bz2#ab0c8b5ebc4924b67d1ee2b1444abf0b
https://conda.anaconda.org/conda-forge/linux-64/pyrsistent-0.17.3-py36h8f6f2f9_2.tar.bz2#26db670368942d4a144cad213448496a
https://conda.anaconda.org/conda-forge/linux-64/pysocks-1.7.1-py36h5fab9bb_3.tar.bz2#4dfb9be0b2975bc7933f32c6db7af205
https://conda.anaconda.org/conda-forge/noarch/python-dateutil-2.8.2-pyhd8ed1ab_0.tar.bz2#dd999d1cc9f79e67dbb855c8924c7984
https://conda.anaconda.org/conda-forge/linux-64/pyyaml-5.4.1-py36h8f6f2f9_1.tar.bz2#e9ca9afbe0ffbde954118168bc971871
https://conda.anaconda.org/conda-forge/linux-64/pyzmq-22.3.0-py36h7068817_0.tar.bz2#6bd5499ce1e61fde19e5ce8206569303
https://conda.anaconda.org/conda-forge/linux-64/ruamel.yaml.clib-0.2.2-py36h8f6f2f9_2.tar.bz2#20b17ae368cb09dd5609203ad3eaf122
https://conda.anaconda.org/conda-forge/linux-64/setuptools-58.0.4-py36h5fab9bb_2.tar.bz2#d584b24af029d1fc78b6a0d2cc294d40
https://conda.anaconda.org/conda-forge/linux-64/tornado-6.1-py36h8f6f2f9_1.tar.bz2#3d19680e14cb7cf6f383ba1fd3a72f2c
https://conda.anaconda.org/conda-forge/noarch/traitlets-4.3.3-pyhd8ed1ab_2.tar.bz2#dacad0ee02418407a5991b0b62dfdc18
https://conda.anaconda.org/conda-forge/noarch/typing-extensions-4.1.1-hd8ed1ab_0.tar.bz2#9d1b5bbaa13bca480c80893a87a52c4f
https://conda.anaconda.org/conda-forge/linux-64/argon2-cffi-21.1.0-py36h8f6f2f9_0.tar.bz2#c7ff3bb6bfd8cb82aefb8d960c439743
https://conda.anaconda.org/conda-forge/noarch/backports.functools_lru_cache-2.0.0-pyhd8ed1ab_0.conda#c3e2817c65ba08250093d59860fe0b0e
https://conda.anaconda.org/conda-forge/noarch/bleach-6.1.0-pyhd8ed1ab_0.conda#0ed9d7c0e9afa7c025807a9a8136ea3e
https://conda.anaconda.org/conda-forge/linux-64/brotlipy-0.7.0-py36h8f6f2f9_1001.tar.bz2#0f244e9624403e17430e9d959530b01c
https://conda.anaconda.org/conda-forge/linux-64/click-8.0.1-py36h5fab9bb_0.tar.bz2#0b99dd9d5e929ced82084bbf0b6135da
https://conda.anaconda.org/conda-forge/linux-64/cryptography-35.0.0-py36hb60f036_0.tar.bz2#d7533bed1783b4abef7e598cee93347d
https://conda.anaconda.org/conda-forge/noarch/dask-core-2021.3.0-pyhd8ed1ab_0.tar.bz2#e7a647c6320649dd7c80a1938f1a211c
https://conda.anaconda.org/conda-forge/linux-64/imagecodecs-lite-2019.12.3-py36h92226af_3.tar.bz2#7aa724a0da2a1bc75b0fe6ffa8ab9c12
https://conda.anaconda.org/conda-forge/noarch/imageio-2.34.0-pyh4b66e23_0.conda#b8853659d596f967c661f544dd89ede7
https://conda.anaconda.org/conda-forge/linux-64/immutables-0.16-py36h8f6f2f9_0.tar.bz2#e9abd4b9cee6d7dd062ca2b5f4e4c9f3
https://conda.anaconda.org/conda-forge/noarch/importlib_metadata-4.8.1-hd8ed1ab_1.tar.bz2#88c27f1ac1d008aec59ebd4840c2391c
https://conda.anaconda.org/conda-forge/noarch/jinja2-2.11.3-pyhd8ed1ab_2.tar.bz2#bdedf6199eec03402a0c5db1f25e891e
https://conda.anaconda.org/conda-forge/noarch/jsonschema-4.1.2-pyhd8ed1ab_0.tar.bz2#94188756716d63117f09d546a30d43e7
https://conda.anaconda.org/conda-forge/linux-64/jupyter_core-4.8.1-py36h5fab9bb_0.tar.bz2#a6fa892e9d37e4e299b426c8fdb6f1d6
https://conda.anaconda.org/conda-forge/noarch/mako-1.2.4-pyhd8ed1ab_0.tar.bz2#0d072f0edc017b6318dbab701e053f94
https://conda.anaconda.org/conda-forge/linux-64/matplotlib-base-3.0.3-py36h5f35d83_1.tar.bz2#a474b19a069fdc708bcb5c340ed2a290
https://conda.anaconda.org/conda-forge/noarch/networkx-2.5-py_0.tar.bz2#d836ad8453c22192357707026ca21653
https://conda.anaconda.org/conda-forge/linux-64/pandas-1.1.5-py36h284efc9_0.tar.bz2#e5e3d1a5401c1c932ada9d4f0b6c8448
https://conda.anaconda.org/conda-forge/noarch/pip-21.3.1-pyhd8ed1ab_0.tar.bz2#e4fe2a9af78ff11f1aced7e62128c6a8
https://conda.anaconda.org/conda-forge/noarch/pygments-2.14.0-pyhd8ed1ab_0.conda#c78cd16b11cd6a295484bd6c8f24bea1
https://conda.anaconda.org/conda-forge/linux-64/pynacl-1.4.0-py36h8f6f2f9_2.tar.bz2#e8654d5da0bba4a44beb8694f17d833f
https://conda.anaconda.org/conda-forge/linux-64/pywavelets-1.1.1-py36h92226af_3.tar.bz2#ea7f1093a7ac3c449d7ea8984e6fd873
https://conda.anaconda.org/conda-forge/linux-64/ruamel.yaml-0.17.16-py36h8f6f2f9_0.tar.bz2#602e4a91b1df8519343e4a317a75fd5a
https://conda.anaconda.org/conda-forge/linux-64/scipy-1.5.3-py36h9e8f40b_0.tar.bz2#39502ad94bcb186c0cf4eb7532316d6a
https://conda.anaconda.org/conda-forge/linux-64/shapely-1.7.1-py36h93b233e_4.tar.bz2#bf7457dee29298d9f958382cc2409489
https://conda.anaconda.org/conda-forge/linux-64/sqlalchemy-1.4.25-py36h8f6f2f9_0.tar.bz2#fbe3f8667087f9c6dc0011df8c39f76b
https://conda.anaconda.org/conda-forge/linux-64/terminado-0.12.1-py36h5fab9bb_0.tar.bz2#292f1173e1c1b446dc5969444f619108
https://conda.anaconda.org/conda-forge/noarch/zope.event-4.6-pyhd8ed1ab_0.conda#3c7fca247c9845183b753dbecbe402bb
https://conda.anaconda.org/conda-forge/linux-64/zope.interface-5.4.0-py36h8f6f2f9_0.tar.bz2#5a019da4798435c5feba694dc15efb98
https://conda.anaconda.org/conda-forge/noarch/alembic-1.7.7-pyhd8ed1ab_0.tar.bz2#9637550104fade18bc6f91aef1f4f02c
https://conda.anaconda.org/conda-forge/linux-64/bcrypt-3.2.0-py36h8f6f2f9_1.tar.bz2#ea8c140e3374714d5c0bbbdfe9d8a354
https://conda.anaconda.org/conda-forge/noarch/contextvars-2.4-py_0.tar.bz2#295fe9300971a6bd1dc4b18ad6509be2
https://conda.anaconda.org/conda-forge/linux-64/gevent-21.8.0-py36h8f6f2f9_0.tar.bz2#513cb2260f414695654e22e372ae55d7
https://conda.anaconda.org/conda-forge/noarch/hypothesis-6.47.1-pyhd8ed1ab_0.tar.bz2#dc8d3a14ffa774d06ad7f20d772d49e9
https://conda.anaconda.org/conda-forge/noarch/jupyter_client-7.1.0-pyhd8ed1ab_0.tar.bz2#c1460cc25b6a86d1b66ab6c3c471b791
https://conda.anaconda.org/conda-forge/noarch/jupyter_telemetry-0.1.0-pyhd8ed1ab_1.tar.bz2#bb9ebdb6d5aa2622484aff1faceee181
https://conda.anaconda.org/conda-forge/noarch/nbformat-5.1.3-pyhd8ed1ab_0.tar.bz2#bafa5df6d4f8db69a4d197b4657127e7
https://conda.anaconda.org/conda-forge/noarch/oauthlib-3.2.2-pyhd8ed1ab_0.tar.bz2#8f882b197fd9c4941a787926baea4868
https://conda.anaconda.org/conda-forge/linux-64/pluggy-1.0.0-py36h5fab9bb_1.tar.bz2#8cb2c916d28b55bee23a253ebaeb8208
https://conda.anaconda.org/conda-forge/noarch/pyopenssl-22.0.0-pyhd8ed1ab_1.tar.bz2#2e7e3630919d29c8216bfa2cd643d79e
https://conda.anaconda.org/conda-forge/noarch/tifffile-2020.6.3-py_0.tar.bz2#1fb771bb25b2eecbc73abf5143fa35bd
https://conda.anaconda.org/conda-forge/noarch/wcwidth-0.2.10-pyhd8ed1ab_0.conda#48978e4e99db7d1ee0d277f6dee20684
https://conda.anaconda.org/conda-forge/noarch/certipy-0.1.3-py_0.tar.bz2#23486713ef5712923e7c57cae609b22e
https://conda.anaconda.org/conda-forge/noarch/nbconvert-5.5.0-py_0.tar.bz2#db82d7cd799f6482270b02f0465a3ee9
https://conda.anaconda.org/conda-forge/noarch/paramiko-2.12.0-pyhd8ed1ab_0.tar.bz2#d96f72687c95e32a4fafef7cf61d985d
https://conda.anaconda.org/conda-forge/noarch/prompt-toolkit-3.0.36-pyha770c72_0.conda#4d79ec192e0bfd530a254006d123b9a6
https://conda.anaconda.org/conda-forge/linux-64/pytest-6.2.5-py36h5fab9bb_0.tar.bz2#fa341f0e8917db9c3a1793584cae415e
https://conda.anaconda.org/conda-forge/linux-64/scikit-image-0.17.2-py36h284efc9_4.tar.bz2#7aa8e832b6a047767ec05fc8b3df0448
https://conda.anaconda.org/conda-forge/linux-64/sniffio-1.2.0-py36h5fab9bb_1.tar.bz2#43c550017bd3ffea3cbc9669617b71eb
https://conda.anaconda.org/conda-forge/noarch/urllib3-1.26.15-pyhd8ed1ab_0.conda#27db656619a55d727eaf5a6ece3d2fd6
https://conda.anaconda.org/conda-forge/linux-64/anyio-3.3.2-py36h5fab9bb_0.tar.bz2#68e1135e2c76b473fc08831ba4b940c0
https://conda.anaconda.org/bioconda/linux-64/cgatcore-0.5.12-py36_1.tar.bz2#7de61992055928ada3a27195be4fd641
https://conda.anaconda.org/conda-forge/linux-64/ipython-7.16.1-py36he448a4c_2.tar.bz2#ac605247c1149f7b275a4bcf9fa0de41
https://conda.anaconda.org/conda-forge/noarch/pytest-arraydiff-0.3-py_0.tar.bz2#b1764d045d59c6a1e0790401b28b5459
https://conda.anaconda.org/conda-forge/noarch/pytest-astropy-header-0.1.2-py_0.tar.bz2#b7833d95d36d1144933212c974b5cfb5
https://conda.anaconda.org/conda-forge/noarch/pytest-cov-4.0.0-pyhd8ed1ab_0.tar.bz2#c9e3f8bfdb9bfc34aa1836a6ed4b25d7
https://conda.anaconda.org/conda-forge/noarch/pytest-doctestplus-0.9.0-pyhd8ed1ab_0.tar.bz2#aaccb79b0c5f1fc1781061d88ed50d45
https://conda.anaconda.org/conda-forge/noarch/pytest-filter-subpackage-0.1.2-pyhd8ed1ab_0.conda#7139e5e6a0f6f5b56420e1ac6432fd9b
https://conda.anaconda.org/conda-forge/noarch/pytest-mock-3.6.1-pyhd8ed1ab_0.tar.bz2#95d022e1556adb78274d59bdf0939608
https://conda.anaconda.org/conda-forge/noarch/pytest-openfiles-0.5.0-py_0.tar.bz2#ac290f6f849fe3a7fd8bbf0b4f7ac4b4
https://conda.anaconda.org/conda-forge/noarch/pytest-remotedata-0.3.3-pyhd8ed1ab_0.tar.bz2#de84affd4615f52f9d378ea7851448d4
https://conda.anaconda.org/conda-forge/noarch/requests-2.28.1-pyhd8ed1ab_0.tar.bz2#70d6e72856de9551f83ae0f2de689a7a
https://conda.anaconda.org/conda-forge/linux-64/ipykernel-5.5.5-py36hcb3619a_0.tar.bz2#595507013916992bbd551005bfa96bbf
https://conda.anaconda.org/conda-forge/noarch/jupyter_server-1.13.1-pyhd8ed1ab_0.tar.bz2#11026852b1a957f29babc219f3a98f3e
https://conda.anaconda.org/conda-forge/noarch/jupyterhub-base-2.3.1-pyhd8ed1ab_0.tar.bz2#296d3922e6e5c336dda47c89fdb1c72d
https://conda.anaconda.org/conda-forge/noarch/pytest-astropy-0.9.0-pyhd8ed1ab_0.tar.bz2#3abf0909c9a7b19699af94d197957d55
https://conda.anaconda.org/conda-forge/linux-64/astropy-3.1.2-py36h14c3975_0.tar.bz2#4c7e1b3f84ff14d29ebbee2f77ce3586
https://conda.anaconda.org/conda-forge/noarch/jupyterlab_server-2.10.3-pyhd8ed1ab_0.tar.bz2#65d62a616bed5237b85b9e2a88378ec0
https://conda.anaconda.org/conda-forge/linux-64/notebook-6.3.0-py36h5fab9bb_0.tar.bz2#4b075f38968b16bb1be4d17d90cf7e38
https://conda.anaconda.org/conda-forge/linux-64/astropy-healpix-0.5-py36ha112f06_1.tar.bz2#0ee644f8eb266a791694c0dc0a22f329
https://conda.anaconda.org/conda-forge/noarch/nbclassic-0.3.5-pyhd8ed1ab_0.tar.bz2#e9e2281b7dc08d876fc789af0f571ade
https://conda.anaconda.org/conda-forge/linux-64/pyregion-2.0-py36h92226af_1001.tar.bz2#ac430a7dd834e3e7bfad2f7d48b406c4
https://conda.anaconda.org/conda-forge/noarch/jupyterlab-3.3.4-pyhd8ed1ab_0.tar.bz2#bb59182858cf3e548c2811183afd071c
https://conda.anaconda.org/conda-forge/linux-64/reproject-0.5.1-py36hc1659b7_0.tar.bz2#2890f52b83e53cf6253bb486b7d65ba1
https://conda.anaconda.org/conda-forge/noarch/aplpy-2.0.3-py_1.tar.bz2#c487f819ae8af97dfb597a63c7595929
https://conda.anaconda.org/conda-forge/noarch/jupyterhub-singleuser-2.3.1-pyhd8ed1ab_0.tar.bz2#39cef1b121b9263e281ae2641afcd90e
